
Microsoft Visual Studio Solution File, Format Version 12.00
# Visual Studio Version 17
VisualStudioVersion = 17.10.35013.160
MinimumVisualStudioVersion = 10.0.40219.1
Project("{FAE04EC0-301F-11D3-BF4B-00C04F79EFBC}") = "3", "3\3.csproj", "{547989FE-3F6A-4D5D-91FC-144ED9E2C042}"
EndProject
Global
	GlobalSection(SolutionConfigurationPlatforms) = preSolution
		Debug|Any CPU = Debug|Any CPU
		Release|Any CPU = Release|Any CPU
	EndGlobalSection
	GlobalSection(ProjectConfigurationPlatforms) = postSolution
		{547989FE-3F6A-4D5D-91FC-144ED9E2C042}.Debug|Any CPU.ActiveCfg = Debug|Any CPU
		{547989FE-3F6A-4D5D-91FC-144ED9E2C042}.Debug|Any CPU.Build.0 = Debug|Any CPU
		{547989FE-3F6A-4D5D-91FC-144ED9E2C042}.Release|Any CPU.ActiveCfg = Release|Any CPU
		{547989FE-3F6A-4D5D-91FC-144ED9E2C042}.Release|Any CPU.Build.0 = Release|Any CPU
	EndGlobalSection
	GlobalSection(SolutionProperties) = preSolution
		HideSolutionNode = FALSE
	EndGlobalSection
	GlobalSection(ExtensibilityGlobals) = postSolution
		SolutionGuid = {B217A310-812E-476B-B4DE-7BDD82F1835C}
	EndGlobalSection
EndGlobal
